PODS:
  - Flutter (1.0.0)
  - integration_test (0.0.1):
    - Flutter
  - verbuildno (0.0.1):
    - Flutter

DEPENDENCIES:
  - Flutter (from `Flutter`)
  - integration_test (from `.symlinks/plugins/integration_test/ios`)
  - verbuildno (from `.symlinks/plugins/verbuildno/ios`)

EXTERNAL SOURCES:
  Flutter:
    :path: Flutter
  integration_test:
    :path: ".symlinks/plugins/integration_test/ios"
  verbuildno:
    :path: ".symlinks/plugins/verbuildno/ios"

SPEC CHECKSUMS:
  Flutter: e0871f40cf51350855a761d2e70bf5af5b9b5de7
  integration_test: ce0a3ffa1de96d1a89ca0ac26fca7ea18a749ef4
  verbuildno: 086aa413a7a8e03d4420a56cac59ba2404c489ab

PODFILE CHECKSUM: 6e700dec67e6deac9b1c69bb14c49a2217a12d15

COCOAPODS: 1.15.2
